# Code generated by scarb DO NOT EDIT.
version = 1

[[package]]
name = "achievement"
version = "0.0.0"
source = "git+https://github.com/cartridge-gg/quest?rev=ada22f6#ada22f6dceb2e901c37fb8129143a66930364dfd"
dependencies = [
 "dojo",
]

[[package]]
name = "conquest"
version = "0.0.0"
dependencies = [
 "achievement",
 "dojo",
]

[[package]]
name = "dojo"
version = "1.0.0-alpha.4"
source = "git+https://github.com/dojoengine/dojo?tag=v1.0.0-alpha.14#6bafcb55178888268d86aae9dccef8a1ba6e7542"
